
Microsoft Visual Studio Solution File, Format Version 12.00
# Visual Studio Version 17
VisualStudioVersion = 17.4.33213.308
MinimumVisualStudioVersion = 10.0.40219.1
Project("{FAE04EC0-301F-11D3-BF4B-00C04F79EFBC}") = "100den-buyuk-sayı-gırıp-1den-baslayarak-yazdırma", "100den-buyuk-sayı-gırıp-1den-baslayarak-yazdırma.csproj", "{B992ADF4-C7CD-4D6E-BECE-74F54A06DFD6}"
EndProject
Global
	GlobalSection(SolutionConfigurationPlatforms) = preSolution
		Debug|Any CPU = Debug|Any CPU
		Release|Any CPU = Release|Any CPU
	EndGlobalSection
	GlobalSection(ProjectConfigurationPlatforms) = postSolution
		{B992ADF4-C7CD-4D6E-BECE-74F54A06DFD6}.Debug|Any CPU.ActiveCfg = Debug|Any CPU
		{B992ADF4-C7CD-4D6E-BECE-74F54A06DFD6}.Debug|Any CPU.Build.0 = Debug|Any CPU
		{B992ADF4-C7CD-4D6E-BECE-74F54A06DFD6}.Release|Any CPU.ActiveCfg = Release|Any CPU
		{B992ADF4-C7CD-4D6E-BECE-74F54A06DFD6}.Release|Any CPU.Build.0 = Release|Any CPU
	EndGlobalSection
	GlobalSection(SolutionProperties) = preSolution
		HideSolutionNode = FALSE
	EndGlobalSection
	GlobalSection(ExtensibilityGlobals) = postSolution
		SolutionGuid = {F701CDD5-2EBD-4A68-A732-9FC3F1A0FF79}
	EndGlobalSection
EndGlobal
